{
	"name": "ui",
	"lockfileVersion": 2,
	"requires": true,
	"packages": {
		"": {
			"dependencies": {
				"preact": "^10.5.14"
			}
		},
		"node_modules/preact": {
			"version": "10.6.6",
			"resolved": "https://registry.npmjs.org/preact/-/preact-10.6.6.tgz",
			"integrity": "sha512-dgxpTFV2vs4vizwKohYKkk7g7rmp1wOOcfd4Tz3IB3Wi+ivZzsn/SpeKJhRENSE+n8sUfsAl4S3HiCVT923ABw==",
			"funding": {
				"type": "opencollective",
				"url": "https://opencollective.com/preact"
			}
		}
	},
	"dependencies": {
		"preact": {
			"version": "10.6.6",
			"resolved": "https://registry.npmjs.org/preact/-/preact-10.6.6.tgz",
			"integrity": "sha512-dgxpTFV2vs4vizwKohYKkk7g7rmp1wOOcfd4Tz3IB3Wi+ivZzsn/SpeKJhRENSE+n8sUfsAl4S3HiCVT923ABw=="
		}
	}
}
